version = 4

[[package]]
name = "annotated-types"
version = "0.7.0"
source = { type = "registry", url = "https://pypi.org/simple" }

[[package]]
name = "anyio"
version = "4.3.0"
source = { type = "registry", url = "https://pypi.org/simple" }
dependencies = ["idna>=2.8", "sniffio>=1.1"]

[[package]]
name = "certifi"
version = "2024.12.14"
source = { type = "registry", url = "https://pypi.org/simple" }

[[package]]
name = "charset-normalizer"
version = "3.3.2"
source = { type = "registry", url = "https://pypi.org/simple" }

[[package]]
name = "click"
version = "8.1.7"
source = { type = "registry", url = "https://pypi.org/simple" }

[[package]]
name = "fastapi"
version = "0.115.5"
source = { type = "registry", url = "https://pypi.org/simple" }
dependencies = ["pydantic!=1.8.0,!=1.8.1,!=2.0.0,!=2.0.1,!=2.1.0,<3", "starlette<1", "typing-extensions>=4.8.0"]

[[package]]
name = "h11"
version = "0.14.0"
source = { type = "registry", url = "https://pypi.org/simple" }

[[package]]
name = "httpcore"
version = "1.0.2"
source = { type = "registry", url = "https://pypi.org/simple" }
dependencies = ["certifi", "h11"]

[[package]]
name = "httpx"
version = "0.28.1"
source = { type = "registry", url = "https://pypi.org/simple" }
dependencies = ["certifi", "httpcore", "idna", "sniffio"]

[[package]]
name = "idna"
version = "3.7"
source = { type = "registry", url = "https://pypi.org/simple" }

[[package]]
name = "openai"
version = "1.57.0"
source = { type = "registry", url = "https://pypi.org/simple" }
dependencies = ["distro>=1.10.0", "httpx", "pydantic"]

[[package]]
name = "pydantic"
version = "2.10.3"
source = { type = "registry", url = "https://pypi.org/simple" }
dependencies = ["annotated-types", "pydantic-core", "typing-extensions"]

[[package]]
name = "pydantic-core"
version = "2.27.0"
source = { type = "registry", url = "https://pypi.org/simple" }

[[package]]
name = "pyyaml"
version = "6.0.2"
source = { type = "registry", url = "https://pypi.org/simple" }

[[package]]
name = "sniffio"
version = "1.3.1"
source = { type = "registry", url = "https://pypi.org/simple" }

[[package]]
name = "starlette"
version = "0.40.1"
source = { type = "registry", url = "https://pypi.org/simple" }
dependencies = ["anyio"]

[[package]]
name = "typing-extensions"
version = "4.12.2"
source = { type = "registry", url = "https://pypi.org/simple" }

[[package]]
name = "uvicorn[standard]"
version = "0.32.1"
source = { type = "registry", url = "https://pypi.org/simple" }
dependencies = ["click", "h11", "uvloop", "watchfiles"]

[[package]]
name = "uvloop"
version = "0.21.0"
source = { type = "registry", url = "https://pypi.org/simple" }

[[package]]
name = "watchfiles"
version = "0.24.0"
source = { type = "registry", url = "https://pypi.org/simple" }

[[package]]
name = "distro"
version = "1.9.0"
source = { type = "registry", url = "https://pypi.org/simple" }

[[package]]
name = "openenv-core"
version = "0.2.0"
source = { type = "registry", url = "https://pypi.org/simple" }
